// !$*UTF8*$!
{
	archiveVersion = 1;
	classes = {
	};
	objectVersion = 77;
	objects = {

/* Begin PBXContainerItemProxy section */
		56ACD02B2DFF2B320009118A /* PBXContainerItemProxy */ = {
			isa = PBXContainerItemProxy;
			containerPortal = 56ACD00C2DFF2B300009118A /* Project object */;
			proxyType = 1;
			remoteGlobalIDString = 56ACD0132DFF2B300009118A;
			remoteInfo = "02 - Reminder";
		};
		56ACD0352DFF2B320009118A /* PBXContainerItemProxy */ = {
			isa = PBXContainerItemProxy;
			containerPortal = 56ACD00C2DFF2B300009118A /* Project object */;
			proxyType = 1;
			remoteGlobalIDString = 56ACD0132DFF2B300009118A;
			remoteInfo = "02 - Reminder";
		};
/* End PBXContainerItemProxy section */

/* Begin PBXFileReference section */
		56ACD0142DFF2B300009118A /* 02 - Reminder.app */ = {isa = PBXFileReference; explicitFileType = wrapper.application; includeInIndex = 0; path = "02 - Reminder.app"; sourceTree = BUILT_PRODUCTS_DIR; };
		56ACD02A2DFF2B320009118A /* 02 - ReminderTests.xctest */ = {isa = PBXFileReference; explicitFileType = wrapper.cfbundle; includeInIndex = 0; path = "02 - ReminderTests.xctest"; sourceTree = BUILT_PRODUCTS_DIR; };
		56ACD0342DFF2B320009118A /* 02 - ReminderUITests.xctest */ = {isa = PBXFileReference; explicitFileType = wrapper.cfbundle; includeInIndex = 0; path = "02 - ReminderUITests.xctest"; sourceTree = BUILT_PRODUCTS_DIR; };
/* End PBXFileReference section */

/* Begin PBXFileSystemSynchronizedBuildFileExceptionSet section */
		56ACD03C2DFF2B320009118A /* Exceptions for "02 - Reminder" folder in "02 - Reminder" target */ = {
			isa = PBXFileSystemSynchronizedBuildFileExceptionSet;
			membershipExceptions = (
				Info.plist,
			);
			target = 56ACD0132DFF2B300009118A /* 02 - Reminder */;
		};
/* End PBXFileSystemSynchronizedBuildFileExceptionSet section */

/* Begin PBXFileSystemSynchronizedRootGroup section */
		56ACD0162DFF2B300009118A /* 02 - Reminder */ = {
			isa = PBXFileSystemSynchronizedRootGroup;
			exceptions = (
				56ACD03C2DFF2B320009118A /* Exceptions for "02 - Reminder" folder in "02 - Reminder" target */,
			);
			path = "02 - Reminder";
			sourceTree = "<group>";
		};
		56ACD02D2DFF2B320009118A /* 02 - ReminderTests */ = {
			isa = PBXFileSystemSynchronizedRootGroup;
			path = "02 - ReminderTests";
			sourceTree = "<group>";
		};
		56ACD0372DFF2B320009118A /* 02 - ReminderUITests */ = {
			isa = PBXFileSystemSynchronizedRootGroup;
			path = "02 - ReminderUITests";
			sourceTree = "<group>";
		};
/* End PBXFileSystemSynchronizedRootGroup section */

/* Begin PBXFrameworksBuildPhase section */
		56ACD0112DFF2B300009118A /* Frameworks */ = {
			isa = PBXFrameworksBuildPhase;
			buildActionMask = 2147483647;
			files = (
			);
			runOnlyForDeploymentPostprocessing = 0;
		};
		56ACD0272DFF2B320009118A /* Frameworks */ = {
			isa = PBXFrameworksBuildPhase;
			buildActionMask = 2147483647;
			files = (
			);
			runOnlyForDeploymentPostprocessing = 0;
		};
		56ACD0312DFF2B320009118A /* Frameworks */ = {
			isa = PBXFrameworksBuildPhase;
			buildActionMask = 2147483647;
			files = (
			);
			runOnlyForDeploymentPostprocessing = 0;
		};
/* End PBXFrameworksBuildPhase section */

/* Begin PBXGroup section */
		56ACD00B2DFF2B300009118A = {
			isa = PBXGroup;
			children = (
				56ACD0162DFF2B300009118A /* 02 - Reminder */,
				56ACD02D2DFF2B320009118A /* 02 - ReminderTests */,
				56ACD0372DFF2B320009118A /* 02 - ReminderUITests */,
				56ACD0152DFF2B300009118A /* Products */,
			);
			sourceTree = "<group>";
		};
		56ACD0152DFF2B300009118A /* Products */ = {
			isa = PBXGroup;
			children = (
				56ACD0142DFF2B300009118A /* 02 - Reminder.app */,
				56ACD02A2DFF2B320009118A /* 02 - ReminderTests.xctest */,
				56ACD0342DFF2B320009118A /* 02 - ReminderUITests.xctest */,
			);
			name = Products;
			sourceTree = "<group>";
		};
/* End PBXGroup section */

/* Begin PBXNativeTarget section */
		56ACD0132DFF2B300009118A /* 02 - Reminder */ = {
			isa = PBXNativeTarget;
			buildConfigurationList = 56ACD03D2DFF2B320009118A /* Build configuration list for PBXNativeTarget "02 - Reminder" */;
			buildPhases = (
				56ACD0102DFF2B300009118A /* Sources */,
				56ACD0112DFF2B300009118A /* Frameworks */,
				56ACD0122DFF2B300009118A /* Resources */,
			);
			buildRules = (
			);
			dependencies = (
			);
			fileSystemSynchronizedGroups = (
				56ACD0162DFF2B300009118A /* 02 - Reminder */,
			);
			name = "02 - Reminder";
			packageProductDependencies = (
			);
			productName = "02 - Reminder";
			productReference = 56ACD0142DFF2B300009118A /* 02 - Reminder.app */;
			productType = "com.apple.product-type.application";
		};
		56ACD0292DFF2B320009118A /* 02 - ReminderTests */ = {
			isa = PBXNativeTarget;
			buildConfigurationList = 56ACD0422DFF2B320009118A /* Build configuration list for PBXNativeTarget "02 - ReminderTests" */;
			buildPhases = (
				56ACD0262DFF2B320009118A /* Sources */,
				56ACD0272DFF2B320009118A /* Frameworks */,
				56ACD0282DFF2B320009118A /* Resources */,
			);
			buildRules = (
			);
			dependencies = (
				56ACD02C2DFF2B320009118A /* PBXTargetDependency */,
			);
			fileSystemSynchronizedGroups = (
				56ACD02D2DFF2B320009118A /* 02 - ReminderTests */,
			);
			name = "02 - ReminderTests";
			packageProductDependencies = (
			);
			productName = "02 - ReminderTests";
			productReference = 56ACD02A2DFF2B320009118A /* 02 - ReminderTests.xctest */;
			productType = "com.apple.product-type.bundle.unit-test";
		};
		56ACD0332DFF2B320009118A /* 02 - ReminderUITests */ = {
			isa = PBXNativeTarget;
			buildConfigurationList = 56ACD0452DFF2B320009118A /* Build configuration list for PBXNativeTarget "02 - ReminderUITests" */;
			buildPhases = (
				56ACD0302DFF2B320009118A /* Sources */,
				56ACD0312DFF2B320009118A /* Frameworks */,
				56ACD0322DFF2B320009118A /* Resources */,
			);
			buildRules = (
			);
			dependencies = (
				56ACD0362DFF2B320009118A /* PBXTargetDependency */,
			);
			fileSystemSynchronizedGroups = (
				56ACD0372DFF2B320009118A /* 02 - ReminderUITests */,
			);
			name = "02 - ReminderUITests";
			packageProductDependencies = (
			);
			productName = "02 - ReminderUITests";
			productReference = 56ACD0342DFF2B320009118A /* 02 - ReminderUITests.xctest */;
			productType = "com.apple.product-type.bundle.ui-testing";
		};
/* End PBXNativeTarget section */

/* Begin PBXProject section */
		56ACD00C2DFF2B300009118A /* Project object */ = {
			isa = PBXProject;
			attributes = {
				BuildIndependentTargetsInParallel = 1;
				LastSwiftUpdateCheck = 1640;
				LastUpgradeCheck = 1640;
				TargetAttributes = {
					56ACD0132DFF2B300009118A = {
						CreatedOnToolsVersion = 16.4;
					};
					56ACD0292DFF2B320009118A = {
						CreatedOnToolsVersion = 16.4;
						TestTargetID = 56ACD0132DFF2B300009118A;
					};
					56ACD0332DFF2B320009118A = {
						CreatedOnToolsVersion = 16.4;
						TestTargetID = 56ACD0132DFF2B300009118A;
					};
				};
			};
			buildConfigurationList = 56ACD00F2DFF2B300009118A /* Build configuration list for PBXProject "02 - Reminder" */;
			developmentRegion = en;
			hasScannedForEncodings = 0;
			knownRegions = (
				en,
				Base,
			);
			mainGroup = 56ACD00B2DFF2B300009118A;
			minimizedProjectReferenceProxies = 1;
			preferredProjectObjectVersion = 77;
			productRefGroup = 56ACD0152DFF2B300009118A /* Products */;
			projectDirPath = "";
			projectRoot = "";
			targets = (
				56ACD0132DFF2B300009118A /* 02 - Reminder */,
				56ACD0292DFF2B320009118A /* 02 - ReminderTests */,
				56ACD0332DFF2B320009118A /* 02 - ReminderUITests */,
			);
		};
/* End PBXProject section */

/* Begin PBXResourcesBuildPhase section */
		56ACD0122DFF2B300009118A /* Resources */ = {
			isa = PBXResourcesBuildPhase;
			buildActionMask = 2147483647;
			files = (
			);
			runOnlyForDeploymentPostprocessing = 0;
		};
		56ACD0282DFF2B320009118A /* Resources */ = {
			isa = PBXResourcesBuildPhase;
			buildActionMask = 2147483647;
			files = (
			);
			runOnlyForDeploymentPostprocessing = 0;
		};
		56ACD0322DFF2B320009118A /* Resources */ = {
			isa = PBXResourcesBuildPhase;
			buildActionMask = 2147483647;
			files = (
			);
			runOnlyForDeploymentPostprocessing = 0;
		};
/* End PBXResourcesBuildPhase section */

/* Begin PBXSourcesBuildPhase section */
		56ACD0102DFF2B300009118A /* Sources */ = {
			isa = PBXSourcesBuildPhase;
			buildActionMask = 2147483647;
			files = (
			);
			runOnlyForDeploymentPostprocessing = 0;
		};
		56ACD0262DFF2B320009118A /* Sources */ = {
			isa = PBXSourcesBuildPhase;
			buildActionMask = 2147483647;
			files = (
			);
			runOnlyForDeploymentPostprocessing = 0;
		};
		56ACD0302DFF2B320009118A /* Sources */ = {
			isa = PBXSourcesBuildPhase;
			buildActionMask = 2147483647;
			files = (
			);
			runOnlyForDeploymentPostprocessing = 0;
		};
/* End PBXSourcesBuildPhase section */

/* Begin PBXTargetDependency section */
		56ACD02C2DFF2B320009118A /* PBXTargetDependency */ = {
			isa = PBXTargetDependency;
			target = 56ACD0132DFF2B300009118A /* 02 - Reminder */;
			targetProxy = 56ACD02B2DFF2B320009118A /* PBXContainerItemProxy */;
		};
		56ACD0362DFF2B320009118A /* PBXTargetDependency */ = {
			isa = PBXTargetDependency;
			target = 56ACD0132DFF2B300009118A /* 02 - Reminder */;
			targetProxy = 56ACD0352DFF2B320009118A /* PBXContainerItemProxy */;
		};
/* End PBXTargetDependency section */

/* Begin XCBuildConfiguration section */
		56ACD03E2DFF2B320009118A /* Debug */ = {
			isa = XCBuildConfiguration;
			buildSettings = {
				ASSETCATALOG_COMPILER_APPICON_NAME = AppIcon;
				ASSETCATALOG_COMPILER_GLOBAL_ACCENT_COLOR_NAME = AccentColor;
				CODE_SIGN_STYLE = Automatic;
				CURRENT_PROJECT_VERSION = 1;
				DEVELOPMENT_TEAM = FH46YBZ24B;
				GENERATE_INFOPLIST_FILE = YES;
				INFOPLIST_FILE = "02 - Reminder/Info.plist";
				INFOPLIST_KEY_LSApplicationCategoryType = "";
				INFOPLIST_KEY_UIApplicationSupportsIndirectInputEvents = YES;
				INFOPLIST_KEY_UILaunchStoryboardName = SplashViewController;
				INFOPLIST_KEY_UISupportedInterfaceOrientations_iPad = "UIInterfaceOrientationPortrait UIInterfaceOrientationPortraitUpsideDown UIInterfaceOrientationLandscapeLeft UIInterfaceOrientationLandscapeRight";
				INFOPLIST_KEY_UISupportedInterfaceOrientations_iPhone = "UIInterfaceOrientationPortrait UIInterfaceOrientationLandscapeLeft UIInterfaceOrientationLandscapeRight";
				LD_RUNPATH_SEARCH_PATHS = (
					"$(inherited)",
					"@executable_path/Frameworks",
				);
				MARKETING_VERSION = 1.0;
				PRODUCT_BUNDLE_IDENTIFIER = "Maciel.-2---Reminder";
				PRODUCT_NAME = "$(TARGET_NAME)";
				SWIFT_EMIT_LOC_STRINGS = YES;
				SWIFT_VERSION = 5.0;
				TARGETED_DEVICE_FAMILY = "1,2";
			};
			name = Debug;
		};
		56ACD03F2DFF2B320009118A /* Release */ = {
			isa = XCBuildConfiguration;
			buildSettings = {
				ASSETCATALOG_COMPILER_APPICON_NAME = AppIcon;
				ASSETCATALOG_COMPILER_GLOBAL_ACCENT_COLOR_NAME = AccentColor;
				CODE_SIGN_STYLE = Automatic;
				CURRENT_PROJECT_VERSION = 1;
				DEVELOPMENT_TEAM = FH46YBZ24B;
				GENERATE_INFOPLIST_FILE = YES;
				INFOPLIST_FILE = "02 - Reminder/Info.plist";
				INFOPLIST_KEY_LSApplicationCategoryType = "";
				INFOPLIST_KEY_UIApplicationSupportsIndirectInputEvents = YES;
				INFOPLIST_KEY_UILaunchStoryboardName = SplashViewController;
				INFOPLIST_KEY_UISupportedInterfaceOrientations_iPad = "UIInterfaceOrientationPortrait UIInterfaceOrientationPortraitUpsideDown UIInterfaceOrientationLandscapeLeft UIInterfaceOrientationLandscapeRight";
				INFOPLIST_KEY_UISupportedInterfaceOrientations_iPhone = "UIInterfaceOrientationPortrait UIInterfaceOrientationLandscapeLeft UIInterfaceOrientationLandscapeRight";
				LD_RUNPATH_SEARCH_PATHS = (
					"$(inherited)",
					"@executable_path/Frameworks",
				);
				MARKETING_VERSION = 1.0;
				PRODUCT_BUNDLE_IDENTIFIER = "Maciel.-2---Reminder";
				PRODUCT_NAME = "$(TARGET_NAME)";
				SWIFT_EMIT_LOC_STRINGS = YES;
				SWIFT_VERSION = 5.0;
				TARGETED_DEVICE_FAMILY = "1,2";
			};
			name = Release;
		};
		56ACD0402DFF2B320009118A /* Debug */ = {
			isa = XCBuildConfiguration;
			buildSettings = {
				ALWAYS_SEARCH_USER_PATHS = NO;
				ASSETCATALOG_COMPILER_GENERATE_SWIFT_ASSET_SYMBOL_EXTENSIONS = YES;
				CLANG_ANALYZER_NONNULL = YES;
				CLANG_ANALYZER_NUMBER_OBJECT_CONVERSION = YES_AGGRESSIVE;
				CLANG_CXX_LANGUAGE_STANDARD = "gnu++20";
				CLANG_ENABLE_MODULES = YES;
				CLANG_ENABLE_OBJC_ARC = YES;
				CLANG_ENABLE_OBJC_WEAK = YES;
				CLANG_WARN_BLOCK_CAPTURE_AUTORELEASING = YES;
				CLANG_WARN_BOOL_CONVERSION = YES;
				CLANG_WARN_COMMA = YES;
				CLANG_WARN_CONSTANT_CONVERSION = YES;
				CLANG_WARN_DEPRECATED_OBJC_IMPLEMENTATIONS = YES;
				CLANG_WARN_DIRECT_OBJC_ISA_USAGE = YES_ERROR;
				CLANG_WARN_DOCUMENTATION_COMMENTS = YES;
				CLANG_WARN_EMPTY_BODY = YES;
				CLANG_WARN_ENUM_CONVERSION = YES;
				CLANG_WARN_INFINITE_RECURSION = YES;
				CLANG_WARN_INT_CONVERSION = YES;
				CLANG_WARN_NON_LITERAL_NULL_CONVERSION = YES;
				CLANG_WARN_OBJC_IMPLICIT_RETAIN_SELF = YES;
				CLANG_WARN_OBJC_LITERAL_CONVERSION = YES;
				CLANG_WARN_OBJC_ROOT_CLASS = YES_ERROR;
				CLANG_WARN_QUOTED_INCLUDE_IN_FRAMEWORK_HEADER = YES;
				CLANG_WARN_RANGE_LOOP_ANALYSIS = YES;
				CLANG_WARN_STRICT_PROTOTYPES = YES;
				CLANG_WARN_SUSPICIOUS_MOVE = YES;
				CLANG_WARN_UNGUARDED_AVAILABILITY = YES_AGGRESSIVE;
				CLANG_WARN_UNREACHABLE_CODE = YES;
				CLANG_WARN__DUPLICATE_METHOD_MATCH = YES;
				COPY_PHASE_STRIP = NO;
				DEBUG_INFORMATION_FORMAT = dwarf;
				DEVELOPMENT_TEAM = FH46YBZ24B;
				ENABLE_STRICT_OBJC_MSGSEND = YES;
				ENABLE_TESTABILITY = YES;
				ENABLE_USER_SCRIPT_SANDBOXING = YES;
				GCC_C_LANGUAGE_STANDARD = gnu17;
				GCC_DYNAMIC_NO_PIC = NO;
				GCC_NO_COMMON_BLOCKS = YES;
				GCC_OPTIMIZATION_LEVEL = 0;
				GCC_PREPROCESSOR_DEFINITIONS = (
					"DEBUG=1",
					"$(inherited)",
				);
				GCC_WARN_64_TO_32_BIT_CONVERSION = YES;
				GCC_WARN_ABOUT_RETURN_TYPE = YES_ERROR;
				GCC_WARN_UNDECLARED_SELECTOR = YES;
				GCC_WARN_UNINITIALIZED_AUTOS = YES_AGGRESSIVE;
				GCC_WARN_UNUSED_FUNCTION = YES;
				GCC_WARN_UNUSED_VARIABLE = YES;
				IPHONEOS_DEPLOYMENT_TARGET = 18.5;
				LOCALIZATION_PREFERS_STRING_CATALOGS = YES;
				MTL_ENABLE_DEBUG_INFO = INCLUDE_SOURCE;
				MTL_FAST_MATH = YES;
				ONLY_ACTIVE_ARCH = YES;
				SDKROOT = iphoneos;
				SWIFT_ACTIVE_COMPILATION_CONDITIONS = "DEBUG $(inherited)";
				SWIFT_OPTIMIZATION_LEVEL = "-Onone";
			};
			name = Debug;
		};
		56ACD0412DFF2B320009118A /* Release */ = {
			isa = XCBuildConfiguration;
			buildSettings = {
				ALWAYS_SEARCH_USER_PATHS = NO;
				ASSETCATALOG_COMPILER_GENERATE_SWIFT_ASSET_SYMBOL_EXTENSIONS = YES;
				CLANG_ANALYZER_NONNULL = YES;
				CLANG_ANALYZER_NUMBER_OBJECT_CONVERSION = YES_AGGRESSIVE;
				CLANG_CXX_LANGUAGE_STANDARD = "gnu++20";
				CLANG_ENABLE_MODULES = YES;
				CLANG_ENABLE_OBJC_ARC = YES;
				CLANG_ENABLE_OBJC_WEAK = YES;
				CLANG_WARN_BLOCK_CAPTURE_AUTORELEASING = YES;
				CLANG_WARN_BOOL_CONVERSION = YES;
				CLANG_WARN_COMMA = YES;
				CLANG_WARN_CONSTANT_CONVERSION = YES;
				CLANG_WARN_DEPRECATED_OBJC_IMPLEMENTATIONS = YES;
				CLANG_WARN_DIRECT_OBJC_ISA_USAGE = YES_ERROR;
				CLANG_WARN_DOCUMENTATION_COMMENTS = YES;
				CLANG_WARN_EMPTY_BODY = YES;
				CLANG_WARN_ENUM_CONVERSION = YES;
				CLANG_WARN_INFINITE_RECURSION = YES;
				CLANG_WARN_INT_CONVERSION = YES;
				CLANG_WARN_NON_LITERAL_NULL_CONVERSION = YES;
				CLANG_WARN_OBJC_IMPLICIT_RETAIN_SELF = YES;
				CLANG_WARN_OBJC_LITERAL_CONVERSION = YES;
				CLANG_WARN_OBJC_ROOT_CLASS = YES_ERROR;
				CLANG_WARN_QUOTED_INCLUDE_IN_FRAMEWORK_HEADER = YES;
				CLANG_WARN_RANGE_LOOP_ANALYSIS = YES;
				CLANG_WARN_STRICT_PROTOTYPES = YES;
				CLANG_WARN_SUSPICIOUS_MOVE = YES;
				CLANG_WARN_UNGUARDED_AVAILABILITY = YES_AGGRESSIVE;
				CLANG_WARN_UNREACHABLE_CODE = YES;
				CLANG_WARN__DUPLICATE_METHOD_MATCH = YES;
				COPY_PHASE_STRIP = NO;
				DEBUG_INFORMATION_FORMAT = "dwarf-with-dsym";
				DEVELOPMENT_TEAM = FH46YBZ24B;
				ENABLE_NS_ASSERTIONS = NO;
				ENABLE_STRICT_OBJC_MSGSEND = YES;
				ENABLE_USER_SCRIPT_SANDBOXING = YES;
				GCC_C_LANGUAGE_STANDARD = gnu17;
				GCC_NO_COMMON_BLOCKS = YES;
				GCC_WARN_64_TO_32_BIT_CONVERSION = YES;
				GCC_WARN_ABOUT_RETURN_TYPE = YES_ERROR;
				GCC_WARN_UNDECLARED_SELECTOR = YES;
				GCC_WARN_UNINITIALIZED_AUTOS = YES_AGGRESSIVE;
				GCC_WARN_UNUSED_FUNCTION = YES;
				GCC_WARN_UNUSED_VARIABLE = YES;
				IPHONEOS_DEPLOYMENT_TARGET = 18.5;
				LOCALIZATION_PREFERS_STRING_CATALOGS = YES;
				MTL_ENABLE_DEBUG_INFO = NO;
				MTL_FAST_MATH = YES;
				SDKROOT = iphoneos;
				SWIFT_COMPILATION_MODE = wholemodule;
				VALIDATE_PRODUCT = YES;
			};
			name = Release;
		};
		56ACD0432DFF2B320009118A /* Debug */ = {
			isa = XCBuildConfiguration;
			buildSettings = {
				BUNDLE_LOADER = "$(TEST_HOST)";
				CODE_SIGN_STYLE = Automatic;
				CURRENT_PROJECT_VERSION = 1;
				DEVELOPMENT_TEAM = FH46YBZ24B;
				GENERATE_INFOPLIST_FILE = YES;
				IPHONEOS_DEPLOYMENT_TARGET = 18.5;
				MARKETING_VERSION = 1.0;
				PRODUCT_BUNDLE_IDENTIFIER = "Maciel.-2---ReminderTests";
				PRODUCT_NAME = "$(TARGET_NAME)";
				SWIFT_EMIT_LOC_STRINGS = NO;
				SWIFT_VERSION = 5.0;
				TARGETED_DEVICE_FAMILY = "1,2";
				TEST_HOST = "$(BUILT_PRODUCTS_DIR)/02 - Reminder.app/$(BUNDLE_EXECUTABLE_FOLDER_PATH)/02 - Reminder";
			};
			name = Debug;
		};
		56ACD0442DFF2B320009118A /* Release */ = {
			isa = XCBuildConfiguration;
			buildSettings = {
				BUNDLE_LOADER = "$(TEST_HOST)";
				CODE_SIGN_STYLE = Automatic;
				CURRENT_PROJECT_VERSION = 1;
				DEVELOPMENT_TEAM = FH46YBZ24B;
				GENERATE_INFOPLIST_FILE = YES;
				IPHONEOS_DEPLOYMENT_TARGET = 18.5;
				MARKETING_VERSION = 1.0;
				PRODUCT_BUNDLE_IDENTIFIER = "Maciel.-2---ReminderTests";
				PRODUCT_NAME = "$(TARGET_NAME)";
				SWIFT_EMIT_LOC_STRINGS = NO;
				SWIFT_VERSION = 5.0;
				TARGETED_DEVICE_FAMILY = "1,2";
				TEST_HOST = "$(BUILT_PRODUCTS_DIR)/02 - Reminder.app/$(BUNDLE_EXECUTABLE_FOLDER_PATH)/02 - Reminder";
			};
			name = Release;
		};
		56ACD0462DFF2B320009118A /* Debug */ = {
			isa = XCBuildConfiguration;
			buildSettings = {
				CODE_SIGN_STYLE = Automatic;
				CURRENT_PROJECT_VERSION = 1;
				DEVELOPMENT_TEAM = FH46YBZ24B;
				GENERATE_INFOPLIST_FILE = YES;
				MARKETING_VERSION = 1.0;
				PRODUCT_BUNDLE_IDENTIFIER = "Maciel.-2---ReminderUITests";
				PRODUCT_NAME = "$(TARGET_NAME)";
				SWIFT_EMIT_LOC_STRINGS = NO;
				SWIFT_VERSION = 5.0;
				TARGETED_DEVICE_FAMILY = "1,2";
				TEST_TARGET_NAME = "02 - Reminder";
			};
			name = Debug;
		};
		56ACD0472DFF2B320009118A /* Release */ = {
			isa = XCBuildConfiguration;
			buildSettings = {
				CODE_SIGN_STYLE = Automatic;
				CURRENT_PROJECT_VERSION = 1;
				DEVELOPMENT_TEAM = FH46YBZ24B;
				GENERATE_INFOPLIST_FILE = YES;
				MARKETING_VERSION = 1.0;
				PRODUCT_BUNDLE_IDENTIFIER = "Maciel.-2---ReminderUITests";
				PRODUCT_NAME = "$(TARGET_NAME)";
				SWIFT_EMIT_LOC_STRINGS = NO;
				SWIFT_VERSION = 5.0;
				TARGETED_DEVICE_FAMILY = "1,2";
				TEST_TARGET_NAME = "02 - Reminder";
			};
			name = Release;
		};
/* End XCBuildConfiguration section */

/* Begin XCConfigurationList section */
		56ACD00F2DFF2B300009118A /* Build configuration list for PBXProject "02 - Reminder" */ = {
			isa = XCConfigurationList;
			buildConfigurations = (
				56ACD0402DFF2B320009118A /* Debug */,
				56ACD0412DFF2B320009118A /* Release */,
			);
			defaultConfigurationIsVisible = 0;
			defaultConfigurationName = Release;
		};
		56ACD03D2DFF2B320009118A /* Build configuration list for PBXNativeTarget "02 - Reminder" */ = {
			isa = XCConfigurationList;
			buildConfigurations = (
				56ACD03E2DFF2B320009118A /* Debug */,
				56ACD03F2DFF2B320009118A /* Release */,
			);
			defaultConfigurationIsVisible = 0;
			defaultConfigurationName = Release;
		};
		56ACD0422DFF2B320009118A /* Build configuration list for PBXNativeTarget "02 - ReminderTests" */ = {
			isa = XCConfigurationList;
			buildConfigurations = (
				56ACD0432DFF2B320009118A /* Debug */,
				56ACD0442DFF2B320009118A /* Release */,
			);
			defaultConfigurationIsVisible = 0;
			defaultConfigurationName = Release;
		};
		56ACD0452DFF2B320009118A /* Build configuration list for PBXNativeTarget "02 - ReminderUITests" */ = {
			isa = XCConfigurationList;
			buildConfigurations = (
				56ACD0462DFF2B320009118A /* Debug */,
				56ACD0472DFF2B320009118A /* Release */,
			);
			defaultConfigurationIsVisible = 0;
			defaultConfigurationName = Release;
		};
/* End XCConfigurationList section */
	};
	rootObject = 56ACD00C2DFF2B300009118A /* Project object */;
}
