// !$*UTF8*$!
{
	archiveVersion = 1;
	classes = {
	};
	objectVersion = 77;
	objects = {

/* Begin PBXBuildFile section */
		35010C13B1C0E49F865C5322 /* Pods_Reminder_ReminderUITests.framework in Frameworks */ = {isa = PBXBuildFile; fileRef = 623C3EE8DBF1B671F37C5F40 /* Pods_Reminder_ReminderUITests.framework */; };
		3672E78A8B7CA6CF448D80DB /* Pods_Reminder.framework in Frameworks */ = {isa = PBXBuildFile; fileRef = 334FBD2E143F8C176B27C31B /* Pods_Reminder.framework */; };
		5605CD552E00C02B0016D1B6 /* Assets.xcassets in Resources */ = {isa = PBXBuildFile; fileRef = 5605CD382E00C02B0016D1B6 /* Assets.xcassets */; };
		5605CD562E00C02B0016D1B6 /* Localizable.strings in Resources */ = {isa = PBXBuildFile; fileRef = 5605CD3A2E00C02B0016D1B6 /* Localizable.strings */; };
		5605CD572E00C02B0016D1B6 /* GoogleService-Info.plist in Resources */ = {isa = PBXBuildFile; fileRef = 5605CD512E00C02B0016D1B6 /* GoogleService-Info.plist */; };
		5605CD592E00C02B0016D1B6 /* Colors.swift in Sources */ = {isa = PBXBuildFile; fileRef = 5605CD3C2E00C02B0016D1B6 /* Colors.swift */; };
		5605CD5A2E00C02B0016D1B6 /* Metrics.swift in Sources */ = {isa = PBXBuildFile; fileRef = 5605CD3E2E00C02B0016D1B6 /* Metrics.swift */; };
		5605CD5B2E00C02B0016D1B6 /* Typographies.swift in Sources */ = {isa = PBXBuildFile; fileRef = 5605CD402E00C02B0016D1B6 /* Typographies.swift */; };
		5605CD5C2E00C02B0016D1B6 /* String+Ext.swift in Sources */ = {isa = PBXBuildFile; fileRef = 5605CD432E00C02B0016D1B6 /* String+Ext.swift */; };
		5605CD5D2E00C02B0016D1B6 /* LoginViewModel.swift in Sources */ = {isa = PBXBuildFile; fileRef = 5605CD452E00C02B0016D1B6 /* LoginViewModel.swift */; };
		5605CD5E2E00C02B0016D1B6 /* LoginView.swift in Sources */ = {isa = PBXBuildFile; fileRef = 5605CD472E00C02B0016D1B6 /* LoginView.swift */; };
		5605CD5F2E00C02B0016D1B6 /* LoginViewController.swift in Sources */ = {isa = PBXBuildFile; fileRef = 5605CD482E00C02B0016D1B6 /* LoginViewController.swift */; };
		5605CD612E00C02B0016D1B6 /* SplashView.swift in Sources */ = {isa = PBXBuildFile; fileRef = 5605CD4B2E00C02B0016D1B6 /* SplashView.swift */; };
		5605CD622E00C02B0016D1B6 /* SplashViewController.swift in Sources */ = {isa = PBXBuildFile; fileRef = 5605CD4C2E00C02B0016D1B6 /* SplashViewController.swift */; };
		5605CD632E00C02B0016D1B6 /* AppDelegate.swift in Sources */ = {isa = PBXBuildFile; fileRef = 5605CD502E00C02B0016D1B6 /* AppDelegate.swift */; };
		5605CD642E00C02B0016D1B6 /* SceneDelegate.swift in Sources */ = {isa = PBXBuildFile; fileRef = 5605CD532E00C02B0016D1B6 /* SceneDelegate.swift */; };
		5605CD662E00C0D20016D1B6 /* ReminderFlowController.swift in Sources */ = {isa = PBXBuildFile; fileRef = 5605CD652E00C0D20016D1B6 /* ReminderFlowController.swift */; };
		5663F9522E00CE8D0091DDF9 /* LoginFlowDelegate.swift in Sources */ = {isa = PBXBuildFile; fileRef = 5663F94F2E00CE8D0091DDF9 /* LoginFlowDelegate.swift */; };
		5663F9532E00CE8D0091DDF9 /* LoginViewDelegate.swift in Sources */ = {isa = PBXBuildFile; fileRef = 5663F9502E00CE8D0091DDF9 /* LoginViewDelegate.swift */; };
		5663F9552E00D20F0091DDF9 /* SplashFlowDelegate.swift in Sources */ = {isa = PBXBuildFile; fileRef = 5663F9542E00D20F0091DDF9 /* SplashFlowDelegate.swift */; };
		5663F95B2E00D8800091DDF9 /* ViewControllersFactoryProtocol.swift in Sources */ = {isa = PBXBuildFile; fileRef = 5663F95A2E00D8800091DDF9 /* ViewControllersFactoryProtocol.swift */; };
		5663F95D2E00D8EA0091DDF9 /* ViewControllersFactory.swift in Sources */ = {isa = PBXBuildFile; fileRef = 5663F95C2E00D8EA0091DDF9 /* ViewControllersFactory.swift */; };
		5663F9652E0100FF0091DDF9 /* User.swift in Sources */ = {isa = PBXBuildFile; fileRef = 5663F9642E0100FF0091DDF9 /* User.swift */; };
		5663F96D2E0104900091DDF9 /* UserDefaultsManager.swift in Sources */ = {isa = PBXBuildFile; fileRef = 5663F96C2E0104900091DDF9 /* UserDefaultsManager.swift */; };
		5663F9722E0197E90091DDF9 /* HomeView.swift in Sources */ = {isa = PBXBuildFile; fileRef = 5663F9712E0197E90091DDF9 /* HomeView.swift */; };
		5663F9742E0197F70091DDF9 /* HomeViewController.swift in Sources */ = {isa = PBXBuildFile; fileRef = 5663F9732E0197F70091DDF9 /* HomeViewController.swift */; };
		5663F9762E01985F0091DDF9 /* HomeFlowDelegate.swift in Sources */ = {isa = PBXBuildFile; fileRef = 5663F9752E01985F0091DDF9 /* HomeFlowDelegate.swift */; };
		5663F9782E019AAC0091DDF9 /* ViewController+Ext.swift in Sources */ = {isa = PBXBuildFile; fileRef = 5663F9772E019AAA0091DDF9 /* ViewController+Ext.swift */; };
		5663F97A2E01FB020091DDF9 /* HomeViewDelegate.swift in Sources */ = {isa = PBXBuildFile; fileRef = 5663F9792E01FAF50091DDF9 /* HomeViewDelegate.swift */; };
		5663F97C2E0212F30091DDF9 /* HomeViewModel.swift in Sources */ = {isa = PBXBuildFile; fileRef = 5663F97B2E0212F30091DDF9 /* HomeViewModel.swift */; };
		5663F97F2E021E060091DDF9 /* ButtonHomeView.swift in Sources */ = {isa = PBXBuildFile; fileRef = 5663F97E2E021E060091DDF9 /* ButtonHomeView.swift */; };
		A96A6BA1D994DDE09FEDBEA9 /* Pods_ReminderTests.framework in Frameworks */ = {isa = PBXBuildFile; fileRef = 22B92637B7EAEBF68D56BF8A /* Pods_ReminderTests.framework */; };
/* End PBXBuildFile section */

/* Begin PBXContainerItemProxy section */
		567D796F2E00A005008AD49F /* PBXContainerItemProxy */ = {
			isa = PBXContainerItemProxy;
			containerPortal = 567D79502E00A003008AD49F /* Project object */;
			proxyType = 1;
			remoteGlobalIDString = 567D79572E00A003008AD49F;
			remoteInfo = Reminder;
		};
		567D79792E00A005008AD49F /* PBXContainerItemProxy */ = {
			isa = PBXContainerItemProxy;
			containerPortal = 567D79502E00A003008AD49F /* Project object */;
			proxyType = 1;
			remoteGlobalIDString = 567D79572E00A003008AD49F;
			remoteInfo = Reminder;
		};
/* End PBXContainerItemProxy section */

/* Begin PBXFileReference section */
		22B92637B7EAEBF68D56BF8A /* Pods_ReminderTests.framework */ = {isa = PBXFileReference; explicitFileType = wrapper.framework; includeInIndex = 0; path = Pods_ReminderTests.framework; sourceTree = BUILT_PRODUCTS_DIR; };
		262016A1F5E253714ADE8408 /* Pods-Reminder-ReminderUITests.debug.xcconfig */ = {isa = PBXFileReference; includeInIndex = 1; lastKnownFileType = text.xcconfig; name = "Pods-Reminder-ReminderUITests.debug.xcconfig"; path = "Target Support Files/Pods-Reminder-ReminderUITests/Pods-Reminder-ReminderUITests.debug.xcconfig"; sourceTree = "<group>"; };
		334FBD2E143F8C176B27C31B /* Pods_Reminder.framework */ = {isa = PBXFileReference; explicitFileType = wrapper.framework; includeInIndex = 0; path = Pods_Reminder.framework; sourceTree = BUILT_PRODUCTS_DIR; };
		5605CD382E00C02B0016D1B6 /* Assets.xcassets */ = {isa = PBXFileReference; lastKnownFileType = folder.assetcatalog; path = Assets.xcassets; sourceTree = "<group>"; };
		5605CD392E00C02B0016D1B6 /* en */ = {isa = PBXFileReference; lastKnownFileType = text.plist.strings; name = en; path = en.lproj/Localizable.strings; sourceTree = "<group>"; };
		5605CD3C2E00C02B0016D1B6 /* Colors.swift */ = {isa = PBXFileReference; lastKnownFileType = sourcecode.swift; path = Colors.swift; sourceTree = "<group>"; };
		5605CD3E2E00C02B0016D1B6 /* Metrics.swift */ = {isa = PBXFileReference; lastKnownFileType = sourcecode.swift; path = Metrics.swift; sourceTree = "<group>"; };
		5605CD402E00C02B0016D1B6 /* Typographies.swift */ = {isa = PBXFileReference; lastKnownFileType = sourcecode.swift; path = Typographies.swift; sourceTree = "<group>"; };
		5605CD432E00C02B0016D1B6 /* String+Ext.swift */ = {isa = PBXFileReference; lastKnownFileType = sourcecode.swift; path = "String+Ext.swift"; sourceTree = "<group>"; };
		5605CD452E00C02B0016D1B6 /* LoginViewModel.swift */ = {isa = PBXFileReference; lastKnownFileType = sourcecode.swift; path = LoginViewModel.swift; sourceTree = "<group>"; };
		5605CD472E00C02B0016D1B6 /* LoginView.swift */ = {isa = PBXFileReference; lastKnownFileType = sourcecode.swift; path = LoginView.swift; sourceTree = "<group>"; };
		5605CD482E00C02B0016D1B6 /* LoginViewController.swift */ = {isa = PBXFileReference; lastKnownFileType = sourcecode.swift; path = LoginViewController.swift; sourceTree = "<group>"; };
		5605CD4B2E00C02B0016D1B6 /* SplashView.swift */ = {isa = PBXFileReference; lastKnownFileType = sourcecode.swift; path = SplashView.swift; sourceTree = "<group>"; };
		5605CD4C2E00C02B0016D1B6 /* SplashViewController.swift */ = {isa = PBXFileReference; lastKnownFileType = sourcecode.swift; path = SplashViewController.swift; sourceTree = "<group>"; };
		5605CD502E00C02B0016D1B6 /* AppDelegate.swift */ = {isa = PBXFileReference; lastKnownFileType = sourcecode.swift; path = AppDelegate.swift; sourceTree = "<group>"; };
		5605CD512E00C02B0016D1B6 /* GoogleService-Info.plist */ = {isa = PBXFileReference; lastKnownFileType = text.plist.xml; path = "GoogleService-Info.plist"; sourceTree = "<group>"; };
		5605CD522E00C02B0016D1B6 /* Info.plist */ = {isa = PBXFileReference; lastKnownFileType = text.plist.xml; path = Info.plist; sourceTree = "<group>"; };
		5605CD532E00C02B0016D1B6 /* SceneDelegate.swift */ = {isa = PBXFileReference; lastKnownFileType = sourcecode.swift; path = SceneDelegate.swift; sourceTree = "<group>"; };
		5605CD652E00C0D20016D1B6 /* ReminderFlowController.swift */ = {isa = PBXFileReference; lastKnownFileType = sourcecode.swift; path = ReminderFlowController.swift; sourceTree = "<group>"; };
		5663F94F2E00CE8D0091DDF9 /* LoginFlowDelegate.swift */ = {isa = PBXFileReference; lastKnownFileType = sourcecode.swift; path = LoginFlowDelegate.swift; sourceTree = "<group>"; };
		5663F9502E00CE8D0091DDF9 /* LoginViewDelegate.swift */ = {isa = PBXFileReference; lastKnownFileType = sourcecode.swift; path = LoginViewDelegate.swift; sourceTree = "<group>"; };
		5663F9542E00D20F0091DDF9 /* SplashFlowDelegate.swift */ = {isa = PBXFileReference; lastKnownFileType = sourcecode.swift; path = SplashFlowDelegate.swift; sourceTree = "<group>"; };
		5663F95A2E00D8800091DDF9 /* ViewControllersFactoryProtocol.swift */ = {isa = PBXFileReference; lastKnownFileType = sourcecode.swift; path = ViewControllersFactoryProtocol.swift; sourceTree = "<group>"; };
		5663F95C2E00D8EA0091DDF9 /* ViewControllersFactory.swift */ = {isa = PBXFileReference; lastKnownFileType = sourcecode.swift; path = ViewControllersFactory.swift; sourceTree = "<group>"; };
		5663F9642E0100FF0091DDF9 /* User.swift */ = {isa = PBXFileReference; lastKnownFileType = sourcecode.swift; path = User.swift; sourceTree = "<group>"; };
		5663F96C2E0104900091DDF9 /* UserDefaultsManager.swift */ = {isa = PBXFileReference; lastKnownFileType = sourcecode.swift; path = UserDefaultsManager.swift; sourceTree = "<group>"; };
		5663F9712E0197E90091DDF9 /* HomeView.swift */ = {isa = PBXFileReference; lastKnownFileType = sourcecode.swift; path = HomeView.swift; sourceTree = "<group>"; };
		5663F9732E0197F70091DDF9 /* HomeViewController.swift */ = {isa = PBXFileReference; lastKnownFileType = sourcecode.swift; path = HomeViewController.swift; sourceTree = "<group>"; };
		5663F9752E01985F0091DDF9 /* HomeFlowDelegate.swift */ = {isa = PBXFileReference; lastKnownFileType = sourcecode.swift; path = HomeFlowDelegate.swift; sourceTree = "<group>"; };
		5663F9772E019AAA0091DDF9 /* ViewController+Ext.swift */ = {isa = PBXFileReference; lastKnownFileType = sourcecode.swift; path = "ViewController+Ext.swift"; sourceTree = "<group>"; };
		5663F9792E01FAF50091DDF9 /* HomeViewDelegate.swift */ = {isa = PBXFileReference; lastKnownFileType = sourcecode.swift; path = HomeViewDelegate.swift; sourceTree = "<group>"; };
		5663F97B2E0212F30091DDF9 /* HomeViewModel.swift */ = {isa = PBXFileReference; lastKnownFileType = sourcecode.swift; path = HomeViewModel.swift; sourceTree = "<group>"; };
		5663F97E2E021E060091DDF9 /* ButtonHomeView.swift */ = {isa = PBXFileReference; lastKnownFileType = sourcecode.swift; path = ButtonHomeView.swift; sourceTree = "<group>"; };
		567D79582E00A003008AD49F /* Reminder.app */ = {isa = PBXFileReference; explicitFileType = wrapper.application; includeInIndex = 0; path = Reminder.app; sourceTree = BUILT_PRODUCTS_DIR; };
		567D796E2E00A005008AD49F /* ReminderTests.xctest */ = {isa = PBXFileReference; explicitFileType = wrapper.cfbundle; includeInIndex = 0; path = ReminderTests.xctest; sourceTree = BUILT_PRODUCTS_DIR; };
		567D79782E00A005008AD49F /* ReminderUITests.xctest */ = {isa = PBXFileReference; explicitFileType = wrapper.cfbundle; includeInIndex = 0; path = ReminderUITests.xctest; sourceTree = BUILT_PRODUCTS_DIR; };
		623C3EE8DBF1B671F37C5F40 /* Pods_Reminder_ReminderUITests.framework */ = {isa = PBXFileReference; explicitFileType = wrapper.framework; includeInIndex = 0; path = Pods_Reminder_ReminderUITests.framework; sourceTree = BUILT_PRODUCTS_DIR; };
		6A1450444E15F824469DAFED /* Pods-Reminder.debug.xcconfig */ = {isa = PBXFileReference; includeInIndex = 1; lastKnownFileType = text.xcconfig; name = "Pods-Reminder.debug.xcconfig"; path = "Target Support Files/Pods-Reminder/Pods-Reminder.debug.xcconfig"; sourceTree = "<group>"; };
		89FCD4172E2015AC29DD97A1 /* Pods-ReminderTests.release.xcconfig */ = {isa = PBXFileReference; includeInIndex = 1; lastKnownFileType = text.xcconfig; name = "Pods-ReminderTests.release.xcconfig"; path = "Target Support Files/Pods-ReminderTests/Pods-ReminderTests.release.xcconfig"; sourceTree = "<group>"; };
		A2981E1C3239AA63354C92EB /* Pods-Reminder.release.xcconfig */ = {isa = PBXFileReference; includeInIndex = 1; lastKnownFileType = text.xcconfig; name = "Pods-Reminder.release.xcconfig"; path = "Target Support Files/Pods-Reminder/Pods-Reminder.release.xcconfig"; sourceTree = "<group>"; };
		B54D97C3682601B14BF7A75C /* Pods-ReminderTests.debug.xcconfig */ = {isa = PBXFileReference; includeInIndex = 1; lastKnownFileType = text.xcconfig; name = "Pods-ReminderTests.debug.xcconfig"; path = "Target Support Files/Pods-ReminderTests/Pods-ReminderTests.debug.xcconfig"; sourceTree = "<group>"; };
		EDEEE57BDAFE06241C6FC6F4 /* Pods-Reminder-ReminderUITests.release.xcconfig */ = {isa = PBXFileReference; includeInIndex = 1; lastKnownFileType = text.xcconfig; name = "Pods-Reminder-ReminderUITests.release.xcconfig"; path = "Target Support Files/Pods-Reminder-ReminderUITests/Pods-Reminder-ReminderUITests.release.xcconfig"; sourceTree = "<group>"; };
/* End PBXFileReference section */

/* Begin PBXFileSystemSynchronizedRootGroup section */
		567D79712E00A005008AD49F /* ReminderTests */ = {
			isa = PBXFileSystemSynchronizedRootGroup;
			path = ReminderTests;
			sourceTree = "<group>";
		};
		567D797B2E00A005008AD49F /* ReminderUITests */ = {
			isa = PBXFileSystemSynchronizedRootGroup;
			path = ReminderUITests;
			sourceTree = "<group>";
		};
/* End PBXFileSystemSynchronizedRootGroup section */

/* Begin PBXFrameworksBuildPhase section */
		567D79552E00A003008AD49F /* Frameworks */ = {
			isa = PBXFrameworksBuildPhase;
			buildActionMask = 2147483647;
			files = (
				3672E78A8B7CA6CF448D80DB /* Pods_Reminder.framework in Frameworks */,
			);
			runOnlyForDeploymentPostprocessing = 0;
		};
		567D796B2E00A005008AD49F /* Frameworks */ = {
			isa = PBXFrameworksBuildPhase;
			buildActionMask = 2147483647;
			files = (
				A96A6BA1D994DDE09FEDBEA9 /* Pods_ReminderTests.framework in Frameworks */,
			);
			runOnlyForDeploymentPostprocessing = 0;
		};
		567D79752E00A005008AD49F /* Frameworks */ = {
			isa = PBXFrameworksBuildPhase;
			buildActionMask = 2147483647;
			files = (
				35010C13B1C0E49F865C5322 /* Pods_Reminder_ReminderUITests.framework in Frameworks */,
			);
			runOnlyForDeploymentPostprocessing = 0;
		};
/* End PBXFrameworksBuildPhase section */

/* Begin PBXGroup section */
		55EEA408A1CC237388036C6B /* Pods */ = {
			isa = PBXGroup;
			children = (
				6A1450444E15F824469DAFED /* Pods-Reminder.debug.xcconfig */,
				A2981E1C3239AA63354C92EB /* Pods-Reminder.release.xcconfig */,
				262016A1F5E253714ADE8408 /* Pods-Reminder-ReminderUITests.debug.xcconfig */,
				EDEEE57BDAFE06241C6FC6F4 /* Pods-Reminder-ReminderUITests.release.xcconfig */,
				B54D97C3682601B14BF7A75C /* Pods-ReminderTests.debug.xcconfig */,
				89FCD4172E2015AC29DD97A1 /* Pods-ReminderTests.release.xcconfig */,
			);
			path = Pods;
			sourceTree = "<group>";
		};
		5605CD3B2E00C02B0016D1B6 /* Resources */ = {
			isa = PBXGroup;
			children = (
				5605CD382E00C02B0016D1B6 /* Assets.xcassets */,
				5605CD3A2E00C02B0016D1B6 /* Localizable.strings */,
			);
			path = Resources;
			sourceTree = "<group>";
		};
		5605CD3D2E00C02B0016D1B6 /* Colors */ = {
			isa = PBXGroup;
			children = (
				5605CD3C2E00C02B0016D1B6 /* Colors.swift */,
			);
			path = Colors;
			sourceTree = "<group>";
		};
		5605CD3F2E00C02B0016D1B6 /* Metrics */ = {
			isa = PBXGroup;
			children = (
				5605CD3E2E00C02B0016D1B6 /* Metrics.swift */,
			);
			path = Metrics;
			sourceTree = "<group>";
		};
		5605CD412E00C02B0016D1B6 /* Typographies */ = {
			isa = PBXGroup;
			children = (
				5605CD402E00C02B0016D1B6 /* Typographies.swift */,
			);
			path = Typographies;
			sourceTree = "<group>";
		};
		5605CD4A2E00C02B0016D1B6 /* Login */ = {
			isa = PBXGroup;
			children = (
				5663F95F2E00E7380091DDF9 /* Presentation */,
				5663F9512E00CE8D0091DDF9 /* Coordinator */,
			);
			path = Login;
			sourceTree = "<group>";
		};
		5605CD4D2E00C02B0016D1B6 /* Splash */ = {
			isa = PBXGroup;
			children = (
				5663F9612E00E8530091DDF9 /* Coordinator */,
				5663F9602E00E75B0091DDF9 /* Presentation */,
			);
			path = Splash;
			sourceTree = "<group>";
		};
		5605CD4E2E00C02B0016D1B6 /* Features */ = {
			isa = PBXGroup;
			children = (
				5663F96E2E0196C70091DDF9 /* Home */,
				5605CD4A2E00C02B0016D1B6 /* Login */,
				5605CD4D2E00C02B0016D1B6 /* Splash */,
			);
			path = Features;
			sourceTree = "<group>";
		};
		5605CD542E00C02B0016D1B6 /* Reminder */ = {
			isa = PBXGroup;
			children = (
				5663F95E2E00E4C20091DDF9 /* App */,
				5663F9622E00E8D60091DDF9 /* Core */,
				5663F9662E01031E0091DDF9 /* Domain */,
				5663F9672E0103780091DDF9 /* Data */,
				5605CD4E2E00C02B0016D1B6 /* Features */,
				5663F9572E00D8000091DDF9 /* DependencyInjection */,
				5605CD3B2E00C02B0016D1B6 /* Resources */,
			);
			path = Reminder;
			sourceTree = "<group>";
		};
		5663F9512E00CE8D0091DDF9 /* Coordinator */ = {
			isa = PBXGroup;
			children = (
				5663F94F2E00CE8D0091DDF9 /* LoginFlowDelegate.swift */,
			);
			path = Coordinator;
			sourceTree = "<group>";
		};
		5663F9572E00D8000091DDF9 /* DependencyInjection */ = {
			isa = PBXGroup;
			children = (
				5663F9592E00D8660091DDF9 /* ViewControllersFactory */,
			);
			path = DependencyInjection;
			sourceTree = "<group>";
		};
		5663F9592E00D8660091DDF9 /* ViewControllersFactory */ = {
			isa = PBXGroup;
			children = (
				5663F95A2E00D8800091DDF9 /* ViewControllersFactoryProtocol.swift */,
				5663F95C2E00D8EA0091DDF9 /* ViewControllersFactory.swift */,
			);
			path = ViewControllersFactory;
			sourceTree = "<group>";
		};
		5663F95E2E00E4C20091DDF9 /* App */ = {
			isa = PBXGroup;
			children = (
				5605CD502E00C02B0016D1B6 /* AppDelegate.swift */,
				5605CD532E00C02B0016D1B6 /* SceneDelegate.swift */,
				5605CD652E00C0D20016D1B6 /* ReminderFlowController.swift */,
				5605CD522E00C02B0016D1B6 /* Info.plist */,
				5605CD512E00C02B0016D1B6 /* GoogleService-Info.plist */,
			);
			path = App;
			sourceTree = "<group>";
		};
		5663F95F2E00E7380091DDF9 /* Presentation */ = {
			isa = PBXGroup;
			children = (
				5605CD472E00C02B0016D1B6 /* LoginView.swift */,
				5605CD482E00C02B0016D1B6 /* LoginViewController.swift */,
				5605CD452E00C02B0016D1B6 /* LoginViewModel.swift */,
				5663F9502E00CE8D0091DDF9 /* LoginViewDelegate.swift */,
			);
			path = Presentation;
			sourceTree = "<group>";
		};
		5663F9602E00E75B0091DDF9 /* Presentation */ = {
			isa = PBXGroup;
			children = (
				5605CD4B2E00C02B0016D1B6 /* SplashView.swift */,
				5605CD4C2E00C02B0016D1B6 /* SplashViewController.swift */,
			);
			path = Presentation;
			sourceTree = "<group>";
		};
		5663F9612E00E8530091DDF9 /* Coordinator */ = {
			isa = PBXGroup;
			children = (
				5663F9542E00D20F0091DDF9 /* SplashFlowDelegate.swift */,
			);
			path = Coordinator;
			sourceTree = "<group>";
		};
		5663F9622E00E8D60091DDF9 /* Core */ = {
			isa = PBXGroup;
			children = (
				5663F9692E0103D60091DDF9 /* Utilities */,
				5663F9682E01039D0091DDF9 /* DesignSystem */,
			);
			path = Core;
			sourceTree = "<group>";
		};
		5663F9632E00EAE40091DDF9 /* Entities */ = {
			isa = PBXGroup;
			children = (
				5663F9642E0100FF0091DDF9 /* User.swift */,
			);
			path = Entities;
			sourceTree = "<group>";
		};
		5663F9662E01031E0091DDF9 /* Domain */ = {
			isa = PBXGroup;
			children = (
				5663F9632E00EAE40091DDF9 /* Entities */,
			);
			path = Domain;
			sourceTree = "<group>";
		};
		5663F9672E0103780091DDF9 /* Data */ = {
			isa = PBXGroup;
			children = (
				5663F96A2E0104140091DDF9 /* Services */,
			);
			path = Data;
			sourceTree = "<group>";
		};
		5663F9682E01039D0091DDF9 /* DesignSystem */ = {
			isa = PBXGroup;
			children = (
				5663F97D2E021CDE0091DDF9 /* Components */,
				5605CD3D2E00C02B0016D1B6 /* Colors */,
				5605CD3F2E00C02B0016D1B6 /* Metrics */,
				5605CD412E00C02B0016D1B6 /* Typographies */,
			);
			path = DesignSystem;
			sourceTree = "<group>";
		};
		5663F9692E0103D60091DDF9 /* Utilities */ = {
			isa = PBXGroup;
			children = (
				5663F9772E019AAA0091DDF9 /* ViewController+Ext.swift */,
				5605CD432E00C02B0016D1B6 /* String+Ext.swift */,
			);
			path = Utilities;
			sourceTree = "<group>";
		};
		5663F96A2E0104140091DDF9 /* Services */ = {
			isa = PBXGroup;
			children = (
				5663F96B2E0104440091DDF9 /* Persistence */,
			);
			path = Services;
			sourceTree = "<group>";
		};
		5663F96B2E0104440091DDF9 /* Persistence */ = {
			isa = PBXGroup;
			children = (
				5663F96C2E0104900091DDF9 /* UserDefaultsManager.swift */,
			);
			path = Persistence;
			sourceTree = "<group>";
		};
		5663F96E2E0196C70091DDF9 /* Home */ = {
			isa = PBXGroup;
			children = (
				5663F9702E0197020091DDF9 /* Coordinator */,
				5663F96F2E0196F60091DDF9 /* Presentation */,
			);
			path = Home;
			sourceTree = "<group>";
		};
		5663F96F2E0196F60091DDF9 /* Presentation */ = {
			isa = PBXGroup;
			children = (
				5663F9712E0197E90091DDF9 /* HomeView.swift */,
				5663F9732E0197F70091DDF9 /* HomeViewController.swift */,
				5663F9792E01FAF50091DDF9 /* HomeViewDelegate.swift */,
				5663F97B2E0212F30091DDF9 /* HomeViewModel.swift */,
			);
			path = Presentation;
			sourceTree = "<group>";
		};
		5663F9702E0197020091DDF9 /* Coordinator */ = {
			isa = PBXGroup;
			children = (
				5663F9752E01985F0091DDF9 /* HomeFlowDelegate.swift */,
			);
			path = Coordinator;
			sourceTree = "<group>";
		};
		5663F97D2E021CDE0091DDF9 /* Components */ = {
			isa = PBXGroup;
			children = (
				5663F97E2E021E060091DDF9 /* ButtonHomeView.swift */,
			);
			path = Components;
			sourceTree = "<group>";
		};
		567D794F2E00A003008AD49F = {
			isa = PBXGroup;
			children = (
				5605CD542E00C02B0016D1B6 /* Reminder */,
				567D79712E00A005008AD49F /* ReminderTests */,
				567D797B2E00A005008AD49F /* ReminderUITests */,
				567D79592E00A003008AD49F /* Products */,
				55EEA408A1CC237388036C6B /* Pods */,
				CBF1ECF44E82FC28015D0C86 /* Frameworks */,
			);
			sourceTree = "<group>";
		};
		567D79592E00A003008AD49F /* Products */ = {
			isa = PBXGroup;
			children = (
				567D79582E00A003008AD49F /* Reminder.app */,
				567D796E2E00A005008AD49F /* ReminderTests.xctest */,
				567D79782E00A005008AD49F /* ReminderUITests.xctest */,
			);
			name = Products;
			sourceTree = "<group>";
		};
		CBF1ECF44E82FC28015D0C86 /* Frameworks */ = {
			isa = PBXGroup;
			children = (
				334FBD2E143F8C176B27C31B /* Pods_Reminder.framework */,
				623C3EE8DBF1B671F37C5F40 /* Pods_Reminder_ReminderUITests.framework */,
				22B92637B7EAEBF68D56BF8A /* Pods_ReminderTests.framework */,
			);
			name = Frameworks;
			sourceTree = "<group>";
		};
/* End PBXGroup section */

/* Begin PBXNativeTarget section */
		567D79572E00A003008AD49F /* Reminder */ = {
			isa = PBXNativeTarget;
			buildConfigurationList = 567D79812E00A005008AD49F /* Build configuration list for PBXNativeTarget "Reminder" */;
			buildPhases = (
				85F2FA2349711A8794BB39F7 /* [CP] Check Pods Manifest.lock */,
				567D79542E00A003008AD49F /* Sources */,
				567D79552E00A003008AD49F /* Frameworks */,
				567D79562E00A003008AD49F /* Resources */,
				77243706EA5649E342FBE3BA /* [CP] Embed Pods Frameworks */,
			);
			buildRules = (
			);
			dependencies = (
			);
			name = Reminder;
			productName = Reminder;
			productReference = 567D79582E00A003008AD49F /* Reminder.app */;
			productType = "com.apple.product-type.application";
		};
		567D796D2E00A005008AD49F /* ReminderTests */ = {
			isa = PBXNativeTarget;
			buildConfigurationList = 567D79862E00A005008AD49F /* Build configuration list for PBXNativeTarget "ReminderTests" */;
			buildPhases = (
				204F08D566422A7BE9F9F145 /* [CP] Check Pods Manifest.lock */,
				567D796A2E00A005008AD49F /* Sources */,
				567D796B2E00A005008AD49F /* Frameworks */,
				567D796C2E00A005008AD49F /* Resources */,
			);
			buildRules = (
			);
			dependencies = (
				567D79702E00A005008AD49F /* PBXTargetDependency */,
			);
			fileSystemSynchronizedGroups = (
				567D79712E00A005008AD49F /* ReminderTests */,
			);
			name = ReminderTests;
			productName = ReminderTests;
			productReference = 567D796E2E00A005008AD49F /* ReminderTests.xctest */;
			productType = "com.apple.product-type.bundle.unit-test";
		};
		567D79772E00A005008AD49F /* ReminderUITests */ = {
			isa = PBXNativeTarget;
			buildConfigurationList = 567D79892E00A005008AD49F /* Build configuration list for PBXNativeTarget "ReminderUITests" */;
			buildPhases = (
				B6BF0CFFC16D8A178757B89D /* [CP] Check Pods Manifest.lock */,
				567D79742E00A005008AD49F /* Sources */,
				567D79752E00A005008AD49F /* Frameworks */,
				567D79762E00A005008AD49F /* Resources */,
				FFE11D5399E3FDD69AF37D90 /* [CP] Embed Pods Frameworks */,
			);
			buildRules = (
			);
			dependencies = (
				567D797A2E00A005008AD49F /* PBXTargetDependency */,
			);
			fileSystemSynchronizedGroups = (
				567D797B2E00A005008AD49F /* ReminderUITests */,
			);
			name = ReminderUITests;
			productName = ReminderUITests;
			productReference = 567D79782E00A005008AD49F /* ReminderUITests.xctest */;
			productType = "com.apple.product-type.bundle.ui-testing";
		};
/* End PBXNativeTarget section */

/* Begin PBXProject section */
		567D79502E00A003008AD49F /* Project object */ = {
			isa = PBXProject;
			attributes = {
				BuildIndependentTargetsInParallel = 1;
				LastSwiftUpdateCheck = 1640;
				LastUpgradeCheck = 1640;
				TargetAttributes = {
					567D79572E00A003008AD49F = {
						CreatedOnToolsVersion = 16.4;
					};
					567D796D2E00A005008AD49F = {
						CreatedOnToolsVersion = 16.4;
						TestTargetID = 567D79572E00A003008AD49F;
					};
					567D79772E00A005008AD49F = {
						CreatedOnToolsVersion = 16.4;
						TestTargetID = 567D79572E00A003008AD49F;
					};
				};
			};
			buildConfigurationList = 567D79532E00A003008AD49F /* Build configuration list for PBXProject "Reminder" */;
			developmentRegion = en;
			hasScannedForEncodings = 0;
			knownRegions = (
				en,
				Base,
			);
			mainGroup = 567D794F2E00A003008AD49F;
			minimizedProjectReferenceProxies = 1;
			preferredProjectObjectVersion = 77;
			productRefGroup = 567D79592E00A003008AD49F /* Products */;
			projectDirPath = "";
			projectRoot = "";
			targets = (
				567D79572E00A003008AD49F /* Reminder */,
				567D796D2E00A005008AD49F /* ReminderTests */,
				567D79772E00A005008AD49F /* ReminderUITests */,
			);
		};
/* End PBXProject section */

/* Begin PBXResourcesBuildPhase section */
		567D79562E00A003008AD49F /* Resources */ = {
			isa = PBXResourcesBuildPhase;
			buildActionMask = 2147483647;
			files = (
				5605CD552E00C02B0016D1B6 /* Assets.xcassets in Resources */,
				5605CD562E00C02B0016D1B6 /* Localizable.strings in Resources */,
				5605CD572E00C02B0016D1B6 /* GoogleService-Info.plist in Resources */,
			);
			runOnlyForDeploymentPostprocessing = 0;
		};
		567D796C2E00A005008AD49F /* Resources */ = {
			isa = PBXResourcesBuildPhase;
			buildActionMask = 2147483647;
			files = (
			);
			runOnlyForDeploymentPostprocessing = 0;
		};
		567D79762E00A005008AD49F /* Resources */ = {
			isa = PBXResourcesBuildPhase;
			buildActionMask = 2147483647;
			files = (
			);
			runOnlyForDeploymentPostprocessing = 0;
		};
/* End PBXResourcesBuildPhase section */

/* Begin PBXShellScriptBuildPhase section */
		204F08D566422A7BE9F9F145 /* [CP] Check Pods Manifest.lock */ = {
			isa = PBXShellScriptBuildPhase;
			buildActionMask = 2147483647;
			files = (
			);
			inputFileListPaths = (
			);
			inputPaths = (
				"${PODS_PODFILE_DIR_PATH}/Podfile.lock",
				"${PODS_ROOT}/Manifest.lock",
			);
			name = "[CP] Check Pods Manifest.lock";
			outputFileListPaths = (
			);
			outputPaths = (
				"$(DERIVED_FILE_DIR)/Pods-ReminderTests-checkManifestLockResult.txt",
			);
			runOnlyForDeploymentPostprocessing = 0;
			shellPath = /bin/sh;
			shellScript = "diff \"${PODS_PODFILE_DIR_PATH}/Podfile.lock\" \"${PODS_ROOT}/Manifest.lock\" > /dev/null\nif [ $? != 0 ] ; then\n    # print error to STDERR\n    echo \"error: The sandbox is not in sync with the Podfile.lock. Run 'pod install' or update your CocoaPods installation.\" >&2\n    exit 1\nfi\n# This output is used by Xcode 'outputs' to avoid re-running this script phase.\necho \"SUCCESS\" > \"${SCRIPT_OUTPUT_FILE_0}\"\n";
			showEnvVarsInLog = 0;
		};
		77243706EA5649E342FBE3BA /* [CP] Embed Pods Frameworks */ = {
			isa = PBXShellScriptBuildPhase;
			buildActionMask = 2147483647;
			files = (
			);
			inputFileListPaths = (
				"${PODS_ROOT}/Target Support Files/Pods-Reminder/Pods-Reminder-frameworks-${CONFIGURATION}-input-files.xcfilelist",
			);
			inputPaths = (
			);
			name = "[CP] Embed Pods Frameworks";
			outputFileListPaths = (
				"${PODS_ROOT}/Target Support Files/Pods-Reminder/Pods-Reminder-frameworks-${CONFIGURATION}-output-files.xcfilelist",
			);
			outputPaths = (
			);
			runOnlyForDeploymentPostprocessing = 0;
			shellPath = /bin/sh;
			shellScript = "\"${PODS_ROOT}/Target Support Files/Pods-Reminder/Pods-Reminder-frameworks.sh\"\n";
			showEnvVarsInLog = 0;
		};
		85F2FA2349711A8794BB39F7 /* [CP] Check Pods Manifest.lock */ = {
			isa = PBXShellScriptBuildPhase;
			buildActionMask = 2147483647;
			files = (
			);
			inputFileListPaths = (
			);
			inputPaths = (
				"${PODS_PODFILE_DIR_PATH}/Podfile.lock",
				"${PODS_ROOT}/Manifest.lock",
			);
			name = "[CP] Check Pods Manifest.lock";
			outputFileListPaths = (
			);
			outputPaths = (
				"$(DERIVED_FILE_DIR)/Pods-Reminder-checkManifestLockResult.txt",
			);
			runOnlyForDeploymentPostprocessing = 0;
			shellPath = /bin/sh;
			shellScript = "diff \"${PODS_PODFILE_DIR_PATH}/Podfile.lock\" \"${PODS_ROOT}/Manifest.lock\" > /dev/null\nif [ $? != 0 ] ; then\n    # print error to STDERR\n    echo \"error: The sandbox is not in sync with the Podfile.lock. Run 'pod install' or update your CocoaPods installation.\" >&2\n    exit 1\nfi\n# This output is used by Xcode 'outputs' to avoid re-running this script phase.\necho \"SUCCESS\" > \"${SCRIPT_OUTPUT_FILE_0}\"\n";
			showEnvVarsInLog = 0;
		};
		B6BF0CFFC16D8A178757B89D /* [CP] Check Pods Manifest.lock */ = {
			isa = PBXShellScriptBuildPhase;
			buildActionMask = 2147483647;
			files = (
			);
			inputFileListPaths = (
			);
			inputPaths = (
				"${PODS_PODFILE_DIR_PATH}/Podfile.lock",
				"${PODS_ROOT}/Manifest.lock",
			);
			name = "[CP] Check Pods Manifest.lock";
			outputFileListPaths = (
			);
			outputPaths = (
				"$(DERIVED_FILE_DIR)/Pods-Reminder-ReminderUITests-checkManifestLockResult.txt",
			);
			runOnlyForDeploymentPostprocessing = 0;
			shellPath = /bin/sh;
			shellScript = "diff \"${PODS_PODFILE_DIR_PATH}/Podfile.lock\" \"${PODS_ROOT}/Manifest.lock\" > /dev/null\nif [ $? != 0 ] ; then\n    # print error to STDERR\n    echo \"error: The sandbox is not in sync with the Podfile.lock. Run 'pod install' or update your CocoaPods installation.\" >&2\n    exit 1\nfi\n# This output is used by Xcode 'outputs' to avoid re-running this script phase.\necho \"SUCCESS\" > \"${SCRIPT_OUTPUT_FILE_0}\"\n";
			showEnvVarsInLog = 0;
		};
		FFE11D5399E3FDD69AF37D90 /* [CP] Embed Pods Frameworks */ = {
			isa = PBXShellScriptBuildPhase;
			buildActionMask = 2147483647;
			files = (
			);
			inputFileListPaths = (
				"${PODS_ROOT}/Target Support Files/Pods-Reminder-ReminderUITests/Pods-Reminder-ReminderUITests-frameworks-${CONFIGURATION}-input-files.xcfilelist",
			);
			inputPaths = (
			);
			name = "[CP] Embed Pods Frameworks";
			outputFileListPaths = (
				"${PODS_ROOT}/Target Support Files/Pods-Reminder-ReminderUITests/Pods-Reminder-ReminderUITests-frameworks-${CONFIGURATION}-output-files.xcfilelist",
			);
			outputPaths = (
			);
			runOnlyForDeploymentPostprocessing = 0;
			shellPath = /bin/sh;
			shellScript = "\"${PODS_ROOT}/Target Support Files/Pods-Reminder-ReminderUITests/Pods-Reminder-ReminderUITests-frameworks.sh\"\n";
			showEnvVarsInLog = 0;
		};
/* End PBXShellScriptBuildPhase section */

/* Begin PBXSourcesBuildPhase section */
		567D79542E00A003008AD49F /* Sources */ = {
			isa = PBXSourcesBuildPhase;
			buildActionMask = 2147483647;
			files = (
				5605CD592E00C02B0016D1B6 /* Colors.swift in Sources */,
				5605CD5A2E00C02B0016D1B6 /* Metrics.swift in Sources */,
				5663F95D2E00D8EA0091DDF9 /* ViewControllersFactory.swift in Sources */,
				5663F97C2E0212F30091DDF9 /* HomeViewModel.swift in Sources */,
				5605CD5B2E00C02B0016D1B6 /* Typographies.swift in Sources */,
				5605CD5C2E00C02B0016D1B6 /* String+Ext.swift in Sources */,
				5663F9762E01985F0091DDF9 /* HomeFlowDelegate.swift in Sources */,
				5663F9742E0197F70091DDF9 /* HomeViewController.swift in Sources */,
				5663F96D2E0104900091DDF9 /* UserDefaultsManager.swift in Sources */,
				5663F97A2E01FB020091DDF9 /* HomeViewDelegate.swift in Sources */,
				5605CD5D2E00C02B0016D1B6 /* LoginViewModel.swift in Sources */,
				5605CD5E2E00C02B0016D1B6 /* LoginView.swift in Sources */,
				5605CD5F2E00C02B0016D1B6 /* LoginViewController.swift in Sources */,
				5605CD662E00C0D20016D1B6 /* ReminderFlowController.swift in Sources */,
				5605CD612E00C02B0016D1B6 /* SplashView.swift in Sources */,
				5663F9782E019AAC0091DDF9 /* ViewController+Ext.swift in Sources */,
				5605CD622E00C02B0016D1B6 /* SplashViewController.swift in Sources */,
				5605CD632E00C02B0016D1B6 /* AppDelegate.swift in Sources */,
				5663F9722E0197E90091DDF9 /* HomeView.swift in Sources */,
				5663F95B2E00D8800091DDF9 /* ViewControllersFactoryProtocol.swift in Sources */,
				5663F9552E00D20F0091DDF9 /* SplashFlowDelegate.swift in Sources */,
				5663F9652E0100FF0091DDF9 /* User.swift in Sources */,
				5663F9522E00CE8D0091DDF9 /* LoginFlowDelegate.swift in Sources */,
				5663F9532E00CE8D0091DDF9 /* LoginViewDelegate.swift in Sources */,
				5605CD642E00C02B0016D1B6 /* SceneDelegate.swift in Sources */,
				5663F97F2E021E060091DDF9 /* ButtonHomeView.swift in Sources */,
			);
			runOnlyForDeploymentPostprocessing = 0;
		};
		567D796A2E00A005008AD49F /* Sources */ = {
			isa = PBXSourcesBuildPhase;
			buildActionMask = 2147483647;
			files = (
			);
			runOnlyForDeploymentPostprocessing = 0;
		};
		567D79742E00A005008AD49F /* Sources */ = {
			isa = PBXSourcesBuildPhase;
			buildActionMask = 2147483647;
			files = (
			);
			runOnlyForDeploymentPostprocessing = 0;
		};
/* End PBXSourcesBuildPhase section */

/* Begin PBXTargetDependency section */
		567D79702E00A005008AD49F /* PBXTargetDependency */ = {
			isa = PBXTargetDependency;
			target = 567D79572E00A003008AD49F /* Reminder */;
			targetProxy = 567D796F2E00A005008AD49F /* PBXContainerItemProxy */;
		};
		567D797A2E00A005008AD49F /* PBXTargetDependency */ = {
			isa = PBXTargetDependency;
			target = 567D79572E00A003008AD49F /* Reminder */;
			targetProxy = 567D79792E00A005008AD49F /* PBXContainerItemProxy */;
		};
/* End PBXTargetDependency section */

/* Begin PBXVariantGroup section */
		5605CD3A2E00C02B0016D1B6 /* Localizable.strings */ = {
			isa = PBXVariantGroup;
			children = (
				5605CD392E00C02B0016D1B6 /* en */,
			);
			name = Localizable.strings;
			sourceTree = "<group>";
		};
/* End PBXVariantGroup section */

/* Begin XCBuildConfiguration section */
		567D79822E00A005008AD49F /* Debug */ = {
			isa = XCBuildConfiguration;
			baseConfigurationReference = 6A1450444E15F824469DAFED /* Pods-Reminder.debug.xcconfig */;
			buildSettings = {
				ASSETCATALOG_COMPILER_APPICON_NAME = AppIcon;
				ASSETCATALOG_COMPILER_GLOBAL_ACCENT_COLOR_NAME = AccentColor;
				CODE_SIGN_STYLE = Automatic;
				CURRENT_PROJECT_VERSION = 1;
				DEVELOPMENT_TEAM = FH46YBZ24B;
				GENERATE_INFOPLIST_FILE = YES;
				INFOPLIST_FILE = Reminder/App/Info.plist;
				INFOPLIST_KEY_LSApplicationCategoryType = "";
				INFOPLIST_KEY_UIApplicationSupportsIndirectInputEvents = YES;
				INFOPLIST_KEY_UILaunchStoryboardName = SplashViewController;
				INFOPLIST_KEY_UIStatusBarStyle = "";
				INFOPLIST_KEY_UISupportedInterfaceOrientations_iPad = "UIInterfaceOrientationPortrait UIInterfaceOrientationPortraitUpsideDown UIInterfaceOrientationLandscapeLeft UIInterfaceOrientationLandscapeRight";
				INFOPLIST_KEY_UISupportedInterfaceOrientations_iPhone = "UIInterfaceOrientationPortrait UIInterfaceOrientationLandscapeLeft UIInterfaceOrientationLandscapeRight";
				IPHONEOS_DEPLOYMENT_TARGET = 13.0;
				LD_RUNPATH_SEARCH_PATHS = (
					"$(inherited)",
					"@executable_path/Frameworks",
				);
				MARKETING_VERSION = 1.0;
				PRODUCT_BUNDLE_IDENTIFIER = Maciel.Reminder;
				PRODUCT_NAME = "$(TARGET_NAME)";
				SWIFT_EMIT_LOC_STRINGS = YES;
				SWIFT_VERSION = 5.0;
				TARGETED_DEVICE_FAMILY = "1,2";
			};
			name = Debug;
		};
		567D79832E00A005008AD49F /* Release */ = {
			isa = XCBuildConfiguration;
			baseConfigurationReference = A2981E1C3239AA63354C92EB /* Pods-Reminder.release.xcconfig */;
			buildSettings = {
				ASSETCATALOG_COMPILER_APPICON_NAME = AppIcon;
				ASSETCATALOG_COMPILER_GLOBAL_ACCENT_COLOR_NAME = AccentColor;
				CODE_SIGN_STYLE = Automatic;
				CURRENT_PROJECT_VERSION = 1;
				DEVELOPMENT_TEAM = FH46YBZ24B;
				GENERATE_INFOPLIST_FILE = YES;
				INFOPLIST_FILE = Reminder/App/Info.plist;
				INFOPLIST_KEY_LSApplicationCategoryType = "";
				INFOPLIST_KEY_UIApplicationSupportsIndirectInputEvents = YES;
				INFOPLIST_KEY_UILaunchStoryboardName = SplashViewController;
				INFOPLIST_KEY_UIStatusBarStyle = "";
				INFOPLIST_KEY_UISupportedInterfaceOrientations_iPad = "UIInterfaceOrientationPortrait UIInterfaceOrientationPortraitUpsideDown UIInterfaceOrientationLandscapeLeft UIInterfaceOrientationLandscapeRight";
				INFOPLIST_KEY_UISupportedInterfaceOrientations_iPhone = "UIInterfaceOrientationPortrait UIInterfaceOrientationLandscapeLeft UIInterfaceOrientationLandscapeRight";
				IPHONEOS_DEPLOYMENT_TARGET = 13.0;
				LD_RUNPATH_SEARCH_PATHS = (
					"$(inherited)",
					"@executable_path/Frameworks",
				);
				MARKETING_VERSION = 1.0;
				PRODUCT_BUNDLE_IDENTIFIER = Maciel.Reminder;
				PRODUCT_NAME = "$(TARGET_NAME)";
				SWIFT_EMIT_LOC_STRINGS = YES;
				SWIFT_VERSION = 5.0;
				TARGETED_DEVICE_FAMILY = "1,2";
			};
			name = Release;
		};
		567D79842E00A005008AD49F /* Debug */ = {
			isa = XCBuildConfiguration;
			buildSettings = {
				ALWAYS_SEARCH_USER_PATHS = NO;
				ASSETCATALOG_COMPILER_GENERATE_SWIFT_ASSET_SYMBOL_EXTENSIONS = YES;
				CLANG_ANALYZER_NONNULL = YES;
				CLANG_ANALYZER_NUMBER_OBJECT_CONVERSION = YES_AGGRESSIVE;
				CLANG_CXX_LANGUAGE_STANDARD = "gnu++20";
				CLANG_ENABLE_MODULES = YES;
				CLANG_ENABLE_OBJC_ARC = YES;
				CLANG_ENABLE_OBJC_WEAK = YES;
				CLANG_WARN_BLOCK_CAPTURE_AUTORELEASING = YES;
				CLANG_WARN_BOOL_CONVERSION = YES;
				CLANG_WARN_COMMA = YES;
				CLANG_WARN_CONSTANT_CONVERSION = YES;
				CLANG_WARN_DEPRECATED_OBJC_IMPLEMENTATIONS = YES;
				CLANG_WARN_DIRECT_OBJC_ISA_USAGE = YES_ERROR;
				CLANG_WARN_DOCUMENTATION_COMMENTS = YES;
				CLANG_WARN_EMPTY_BODY = YES;
				CLANG_WARN_ENUM_CONVERSION = YES;
				CLANG_WARN_INFINITE_RECURSION = YES;
				CLANG_WARN_INT_CONVERSION = YES;
				CLANG_WARN_NON_LITERAL_NULL_CONVERSION = YES;
				CLANG_WARN_OBJC_IMPLICIT_RETAIN_SELF = YES;
				CLANG_WARN_OBJC_LITERAL_CONVERSION = YES;
				CLANG_WARN_OBJC_ROOT_CLASS = YES_ERROR;
				CLANG_WARN_QUOTED_INCLUDE_IN_FRAMEWORK_HEADER = YES;
				CLANG_WARN_RANGE_LOOP_ANALYSIS = YES;
				CLANG_WARN_STRICT_PROTOTYPES = YES;
				CLANG_WARN_SUSPICIOUS_MOVE = YES;
				CLANG_WARN_UNGUARDED_AVAILABILITY = YES_AGGRESSIVE;
				CLANG_WARN_UNREACHABLE_CODE = YES;
				CLANG_WARN__DUPLICATE_METHOD_MATCH = YES;
				COPY_PHASE_STRIP = NO;
				DEBUG_INFORMATION_FORMAT = dwarf;
				DEVELOPMENT_TEAM = FH46YBZ24B;
				ENABLE_STRICT_OBJC_MSGSEND = YES;
				ENABLE_TESTABILITY = YES;
				ENABLE_USER_SCRIPT_SANDBOXING = NO;
				GCC_C_LANGUAGE_STANDARD = gnu17;
				GCC_DYNAMIC_NO_PIC = NO;
				GCC_NO_COMMON_BLOCKS = YES;
				GCC_OPTIMIZATION_LEVEL = 0;
				GCC_PREPROCESSOR_DEFINITIONS = (
					"DEBUG=1",
					"$(inherited)",
				);
				GCC_WARN_64_TO_32_BIT_CONVERSION = YES;
				GCC_WARN_ABOUT_RETURN_TYPE = YES_ERROR;
				GCC_WARN_UNDECLARED_SELECTOR = YES;
				GCC_WARN_UNINITIALIZED_AUTOS = YES_AGGRESSIVE;
				GCC_WARN_UNUSED_FUNCTION = YES;
				GCC_WARN_UNUSED_VARIABLE = YES;
				IPHONEOS_DEPLOYMENT_TARGET = 18.5;
				LOCALIZATION_PREFERS_STRING_CATALOGS = YES;
				MTL_ENABLE_DEBUG_INFO = INCLUDE_SOURCE;
				MTL_FAST_MATH = YES;
				ONLY_ACTIVE_ARCH = YES;
				SDKROOT = iphoneos;
				SWIFT_ACTIVE_COMPILATION_CONDITIONS = "DEBUG $(inherited)";
				SWIFT_OPTIMIZATION_LEVEL = "-Onone";
			};
			name = Debug;
		};
		567D79852E00A005008AD49F /* Release */ = {
			isa = XCBuildConfiguration;
			buildSettings = {
				ALWAYS_SEARCH_USER_PATHS = NO;
				ASSETCATALOG_COMPILER_GENERATE_SWIFT_ASSET_SYMBOL_EXTENSIONS = YES;
				CLANG_ANALYZER_NONNULL = YES;
				CLANG_ANALYZER_NUMBER_OBJECT_CONVERSION = YES_AGGRESSIVE;
				CLANG_CXX_LANGUAGE_STANDARD = "gnu++20";
				CLANG_ENABLE_MODULES = YES;
				CLANG_ENABLE_OBJC_ARC = YES;
				CLANG_ENABLE_OBJC_WEAK = YES;
				CLANG_WARN_BLOCK_CAPTURE_AUTORELEASING = YES;
				CLANG_WARN_BOOL_CONVERSION = YES;
				CLANG_WARN_COMMA = YES;
				CLANG_WARN_CONSTANT_CONVERSION = YES;
				CLANG_WARN_DEPRECATED_OBJC_IMPLEMENTATIONS = YES;
				CLANG_WARN_DIRECT_OBJC_ISA_USAGE = YES_ERROR;
				CLANG_WARN_DOCUMENTATION_COMMENTS = YES;
				CLANG_WARN_EMPTY_BODY = YES;
				CLANG_WARN_ENUM_CONVERSION = YES;
				CLANG_WARN_INFINITE_RECURSION = YES;
				CLANG_WARN_INT_CONVERSION = YES;
				CLANG_WARN_NON_LITERAL_NULL_CONVERSION = YES;
				CLANG_WARN_OBJC_IMPLICIT_RETAIN_SELF = YES;
				CLANG_WARN_OBJC_LITERAL_CONVERSION = YES;
				CLANG_WARN_OBJC_ROOT_CLASS = YES_ERROR;
				CLANG_WARN_QUOTED_INCLUDE_IN_FRAMEWORK_HEADER = YES;
				CLANG_WARN_RANGE_LOOP_ANALYSIS = YES;
				CLANG_WARN_STRICT_PROTOTYPES = YES;
				CLANG_WARN_SUSPICIOUS_MOVE = YES;
				CLANG_WARN_UNGUARDED_AVAILABILITY = YES_AGGRESSIVE;
				CLANG_WARN_UNREACHABLE_CODE = YES;
				CLANG_WARN__DUPLICATE_METHOD_MATCH = YES;
				COPY_PHASE_STRIP = NO;
				DEBUG_INFORMATION_FORMAT = "dwarf-with-dsym";
				DEVELOPMENT_TEAM = FH46YBZ24B;
				ENABLE_NS_ASSERTIONS = NO;
				ENABLE_STRICT_OBJC_MSGSEND = YES;
				ENABLE_USER_SCRIPT_SANDBOXING = NO;
				GCC_C_LANGUAGE_STANDARD = gnu17;
				GCC_NO_COMMON_BLOCKS = YES;
				GCC_WARN_64_TO_32_BIT_CONVERSION = YES;
				GCC_WARN_ABOUT_RETURN_TYPE = YES_ERROR;
				GCC_WARN_UNDECLARED_SELECTOR = YES;
				GCC_WARN_UNINITIALIZED_AUTOS = YES_AGGRESSIVE;
				GCC_WARN_UNUSED_FUNCTION = YES;
				GCC_WARN_UNUSED_VARIABLE = YES;
				IPHONEOS_DEPLOYMENT_TARGET = 18.5;
				LOCALIZATION_PREFERS_STRING_CATALOGS = YES;
				MTL_ENABLE_DEBUG_INFO = NO;
				MTL_FAST_MATH = YES;
				SDKROOT = iphoneos;
				SWIFT_COMPILATION_MODE = wholemodule;
				VALIDATE_PRODUCT = YES;
			};
			name = Release;
		};
		567D79872E00A005008AD49F /* Debug */ = {
			isa = XCBuildConfiguration;
			baseConfigurationReference = B54D97C3682601B14BF7A75C /* Pods-ReminderTests.debug.xcconfig */;
			buildSettings = {
				BUNDLE_LOADER = "$(TEST_HOST)";
				CODE_SIGN_STYLE = Automatic;
				CURRENT_PROJECT_VERSION = 1;
				DEVELOPMENT_TEAM = FH46YBZ24B;
				GENERATE_INFOPLIST_FILE = YES;
				IPHONEOS_DEPLOYMENT_TARGET = 18.5;
				MARKETING_VERSION = 1.0;
				PRODUCT_BUNDLE_IDENTIFIER = Maciel.ReminderTests;
				PRODUCT_NAME = "$(TARGET_NAME)";
				SWIFT_EMIT_LOC_STRINGS = NO;
				SWIFT_VERSION = 5.0;
				TARGETED_DEVICE_FAMILY = "1,2";
				TEST_HOST = "$(BUILT_PRODUCTS_DIR)/Reminder.app/$(BUNDLE_EXECUTABLE_FOLDER_PATH)/Reminder";
			};
			name = Debug;
		};
		567D79882E00A005008AD49F /* Release */ = {
			isa = XCBuildConfiguration;
			baseConfigurationReference = 89FCD4172E2015AC29DD97A1 /* Pods-ReminderTests.release.xcconfig */;
			buildSettings = {
				BUNDLE_LOADER = "$(TEST_HOST)";
				CODE_SIGN_STYLE = Automatic;
				CURRENT_PROJECT_VERSION = 1;
				DEVELOPMENT_TEAM = FH46YBZ24B;
				GENERATE_INFOPLIST_FILE = YES;
				IPHONEOS_DEPLOYMENT_TARGET = 18.5;
				MARKETING_VERSION = 1.0;
				PRODUCT_BUNDLE_IDENTIFIER = Maciel.ReminderTests;
				PRODUCT_NAME = "$(TARGET_NAME)";
				SWIFT_EMIT_LOC_STRINGS = NO;
				SWIFT_VERSION = 5.0;
				TARGETED_DEVICE_FAMILY = "1,2";
				TEST_HOST = "$(BUILT_PRODUCTS_DIR)/Reminder.app/$(BUNDLE_EXECUTABLE_FOLDER_PATH)/Reminder";
			};
			name = Release;
		};
		567D798A2E00A005008AD49F /* Debug */ = {
			isa = XCBuildConfiguration;
			baseConfigurationReference = 262016A1F5E253714ADE8408 /* Pods-Reminder-ReminderUITests.debug.xcconfig */;
			buildSettings = {
				CODE_SIGN_STYLE = Automatic;
				CURRENT_PROJECT_VERSION = 1;
				DEVELOPMENT_TEAM = FH46YBZ24B;
				GENERATE_INFOPLIST_FILE = YES;
				MARKETING_VERSION = 1.0;
				PRODUCT_BUNDLE_IDENTIFIER = Maciel.ReminderUITests;
				PRODUCT_NAME = "$(TARGET_NAME)";
				SWIFT_EMIT_LOC_STRINGS = NO;
				SWIFT_VERSION = 5.0;
				TARGETED_DEVICE_FAMILY = "1,2";
				TEST_TARGET_NAME = Reminder;
			};
			name = Debug;
		};
		567D798B2E00A005008AD49F /* Release */ = {
			isa = XCBuildConfiguration;
			baseConfigurationReference = EDEEE57BDAFE06241C6FC6F4 /* Pods-Reminder-ReminderUITests.release.xcconfig */;
			buildSettings = {
				CODE_SIGN_STYLE = Automatic;
				CURRENT_PROJECT_VERSION = 1;
				DEVELOPMENT_TEAM = FH46YBZ24B;
				GENERATE_INFOPLIST_FILE = YES;
				MARKETING_VERSION = 1.0;
				PRODUCT_BUNDLE_IDENTIFIER = Maciel.ReminderUITests;
				PRODUCT_NAME = "$(TARGET_NAME)";
				SWIFT_EMIT_LOC_STRINGS = NO;
				SWIFT_VERSION = 5.0;
				TARGETED_DEVICE_FAMILY = "1,2";
				TEST_TARGET_NAME = Reminder;
			};
			name = Release;
		};
/* End XCBuildConfiguration section */

/* Begin XCConfigurationList section */
		567D79532E00A003008AD49F /* Build configuration list for PBXProject "Reminder" */ = {
			isa = XCConfigurationList;
			buildConfigurations = (
				567D79842E00A005008AD49F /* Debug */,
				567D79852E00A005008AD49F /* Release */,
			);
			defaultConfigurationIsVisible = 0;
			defaultConfigurationName = Release;
		};
		567D79812E00A005008AD49F /* Build configuration list for PBXNativeTarget "Reminder" */ = {
			isa = XCConfigurationList;
			buildConfigurations = (
				567D79822E00A005008AD49F /* Debug */,
				567D79832E00A005008AD49F /* Release */,
			);
			defaultConfigurationIsVisible = 0;
			defaultConfigurationName = Release;
		};
		567D79862E00A005008AD49F /* Build configuration list for PBXNativeTarget "ReminderTests" */ = {
			isa = XCConfigurationList;
			buildConfigurations = (
				567D79872E00A005008AD49F /* Debug */,
				567D79882E00A005008AD49F /* Release */,
			);
			defaultConfigurationIsVisible = 0;
			defaultConfigurationName = Release;
		};
		567D79892E00A005008AD49F /* Build configuration list for PBXNativeTarget "ReminderUITests" */ = {
			isa = XCConfigurationList;
			buildConfigurations = (
				567D798A2E00A005008AD49F /* Debug */,
				567D798B2E00A005008AD49F /* Release */,
			);
			defaultConfigurationIsVisible = 0;
			defaultConfigurationName = Release;
		};
/* End XCConfigurationList section */
	};
	rootObject = 567D79502E00A003008AD49F /* Project object */;
}
